
Microsoft Visual Studio Solution File, Format Version 12.00
# Visual Studio Version 17
VisualStudioVersion = 17.3.32922.545
MinimumVisualStudioVersion = 10.0.40219.1
Project("{FAE04EC0-301F-11D3-BF4B-00C04F79EFBC}") = "MyHealthClinic", "MyHealthClinic\MyHealthClinic.csproj", "{DF86AE95-45E8-44CC-BE16-BB26C183BE13}"
EndProject
Project("{FAE04EC0-301F-11D3-BF4B-00C04F79EFBC}") = "MyHealthClinic.Tests", "MyHealthClinic.Tests\MyHealthClinic.Tests.csproj", "{519ADEF0-6B24-496C-827B-918AD49F2986}"
EndProject
Global
	GlobalSection(SolutionConfigurationPlatforms) = preSolution
		Debug|Any CPU = Debug|Any CPU
		Release|Any CPU = Release|Any CPU
	EndGlobalSection
	GlobalSection(ProjectConfigurationPlatforms) = postSolution
		{DF86AE95-45E8-44CC-BE16-BB26C183BE13}.Debug|Any CPU.ActiveCfg = Debug|Any CPU
		{DF86AE95-45E8-44CC-BE16-BB26C183BE13}.Debug|Any CPU.Build.0 = Debug|Any CPU
		{DF86AE95-45E8-44CC-BE16-BB26C183BE13}.Release|Any CPU.ActiveCfg = Release|Any CPU
		{DF86AE95-45E8-44CC-BE16-BB26C183BE13}.Release|Any CPU.Build.0 = Release|Any CPU
		{519ADEF0-6B24-496C-827B-918AD49F2986}.Debug|Any CPU.ActiveCfg = Debug|Any CPU
		{519ADEF0-6B24-496C-827B-918AD49F2986}.Debug|Any CPU.Build.0 = Debug|Any CPU
		{519ADEF0-6B24-496C-827B-918AD49F2986}.Release|Any CPU.ActiveCfg = Release|Any CPU
		{519ADEF0-6B24-496C-827B-918AD49F2986}.Release|Any CPU.Build.0 = Release|Any CPU
	EndGlobalSection
	GlobalSection(SolutionProperties) = preSolution
		HideSolutionNode = FALSE
	EndGlobalSection
	GlobalSection(ExtensibilityGlobals) = postSolution
		SolutionGuid = {FC3A502A-9164-426A-984C-77EDCBD02160}
	EndGlobalSection
EndGlobal
